
Microsoft Visual Studio Solution File, Format Version 12.00
Project("{FAE04EC0-301F-11D3-BF4B-00C04F79EFBC}") = "AdventOfCode2024", "AdventOfCode2024\AdventOfCode2024.csproj", "{56644ED2-B430-44C1-AA48-5A04733FB020}"
EndProject
Global
	GlobalSection(SolutionConfigurationPlatforms) = preSolution
		Debug|Any CPU = Debug|Any CPU
		Release|Any CPU = Release|Any CPU
	EndGlobalSection
	GlobalSection(ProjectConfigurationPlatforms) = postSolution
		{56644ED2-B430-44C1-AA48-5A04733FB020}.Debug|Any CPU.ActiveCfg = Debug|Any CPU
		{56644ED2-B430-44C1-AA48-5A04733FB020}.Debug|Any CPU.Build.0 = Debug|Any CPU
		{56644ED2-B430-44C1-AA48-5A04733FB020}.Release|Any CPU.ActiveCfg = Release|Any CPU
		{56644ED2-B430-44C1-AA48-5A04733FB020}.Release|Any CPU.Build.0 = Release|Any CPU
	EndGlobalSection
EndGlobal
